
Microsoft Visual Studio Solution File, Format Version 12.00
# Visual Studio Version 17
VisualStudioVersion = 17.0.31903.59
MinimumVisualStudioVersion = 10.0.40219.1
Project("{FAE04EC0-301F-11D3-BF4B-00C04F79EFBC}") = "test", "..\test\test.csproj", "{EDB4BE7C-9227-4020-98C3-AF79DBBB61DA}"
EndProject
Project("{FAE04EC0-301F-11D3-BF4B-00C04F79EFBC}") = "blazor-test", "..\blazor-test\blazor-test.csproj", "{0F47AE74-9A77-4796-B941-84DDB342C835}"
EndProject
Global
	GlobalSection(SolutionConfigurationPlatforms) = preSolution
		Debug|Any CPU = Debug|Any CPU
		Release|Any CPU = Release|Any CPU
	EndGlobalSection
	GlobalSection(SolutionProperties) = preSolution
		HideSolutionNode = FALSE
	EndGlobalSection
	GlobalSection(ProjectConfigurationPlatforms) = postSolution
		{EDB4BE7C-9227-4020-98C3-AF79DBBB61DA}.Debug|Any CPU.ActiveCfg = Debug|Any CPU
		{EDB4BE7C-9227-4020-98C3-AF79DBBB61DA}.Debug|Any CPU.Build.0 = Debug|Any CPU
		{EDB4BE7C-9227-4020-98C3-AF79DBBB61DA}.Release|Any CPU.ActiveCfg = Release|Any CPU
		{EDB4BE7C-9227-4020-98C3-AF79DBBB61DA}.Release|Any CPU.Build.0 = Release|Any CPU
		{0F47AE74-9A77-4796-B941-84DDB342C835}.Debug|Any CPU.ActiveCfg = Debug|Any CPU
		{0F47AE74-9A77-4796-B941-84DDB342C835}.Debug|Any CPU.Build.0 = Debug|Any CPU
		{0F47AE74-9A77-4796-B941-84DDB342C835}.Release|Any CPU.ActiveCfg = Release|Any CPU
		{0F47AE74-9A77-4796-B941-84DDB342C835}.Release|Any CPU.Build.0 = Release|Any CPU
	EndGlobalSection
EndGlobal
